
Microsoft Visual Studio Solution File, Format Version 12.00
# Visual Studio Version 17
VisualStudioVersion = 17.4.33213.308
MinimumVisualStudioVersion = 10.0.40219.1
Project("{FAE04EC0-301F-11D3-BF4B-00C04F79EFBC}") = "Calculatrice", "Calculatrice\Calculatrice.csproj", "{CEB3B372-ECD4-4462-AC29-134C6C3857F8}"
EndProject
Global
	GlobalSection(SolutionConfigurationPlatforms) = preSolution
		Debug|Any CPU = Debug|Any CPU
		Release|Any CPU = Release|Any CPU
	EndGlobalSection
	GlobalSection(ProjectConfigurationPlatforms) = postSolution
		{CEB3B372-ECD4-4462-AC29-134C6C3857F8}.Debug|Any CPU.ActiveCfg = Debug|Any CPU
		{CEB3B372-ECD4-4462-AC29-134C6C3857F8}.Debug|Any CPU.Build.0 = Debug|Any CPU
		{CEB3B372-ECD4-4462-AC29-134C6C3857F8}.Release|Any CPU.ActiveCfg = Release|Any CPU
		{CEB3B372-ECD4-4462-AC29-134C6C3857F8}.Release|Any CPU.Build.0 = Release|Any CPU
	EndGlobalSection
	GlobalSection(SolutionProperties) = preSolution
		HideSolutionNode = FALSE
	EndGlobalSection
	GlobalSection(ExtensibilityGlobals) = postSolution
		SolutionGuid = {1F0CEA03-6C2C-4EEB-8E7C-DEC0F24292CB}
	EndGlobalSection
EndGlobal
